// !$*UTF8*$!
{
	archiveVersion = 1;
	classes = {
	};
	objectVersion = 46;
	objects = {

/* Begin PBXBuildFile section */
		D8C787071DAD7EA5003313C6 /* AppDelegate.swift in Sources */ = {isa = PBXBuildFile; fileRef = D8C787061DAD7EA5003313C6 /* AppDelegate.swift */; };
		D8C787091DAD7EA5003313C6 /* ViewController.swift in Sources */ = {isa = PBXBuildFile; fileRef = D8C787081DAD7EA5003313C6 /* ViewController.swift */; };
		D8C7870C1DAD7EA5003313C6 /* Main.storyboard in Resources */ = {isa = PBXBuildFile; fileRef = D8C7870A1DAD7EA5003313C6 /* Main.storyboard */; };
		D8C7870E1DAD7EA5003313C6 /* Assets.xcassets in Resources */ = {isa = PBXBuildFile; fileRef = D8C7870D1DAD7EA5003313C6 /* Assets.xcassets */; };
		D8C787111DAD7EA5003313C6 /* LaunchScreen.storyboard in Resources */ = {isa = PBXBuildFile; fileRef = D8C7870F1DAD7EA5003313C6 /* LaunchScreen.storyboard */; };
		D8C7871C1DAD7EA5003313C6 /* mvcTests.swift in Sources */ = {isa = PBXBuildFile; fileRef = D8C7871B1DAD7EA5003313C6 /* mvcTests.swift */; };
		D8C787271DAD7EA5003313C6 /* mvcUITests.swift in Sources */ = {isa = PBXBuildFile; fileRef = D8C787261DAD7EA5003313C6 /* mvcUITests.swift */; };
		D8C787351DAD7FBF003313C6 /* SecondViewController.swift in Sources */ = {isa = PBXBuildFile; fileRef = D8C787341DAD7FBF003313C6 /* SecondViewController.swift */; };
/* End PBXBuildFile section */

/* Begin PBXContainerItemProxy section */
		D8C787181DAD7EA5003313C6 /* PBXContainerItemProxy */ = {
			isa = PBXContainerItemProxy;
			containerPortal = D8C786FB1DAD7EA5003313C6 /* Project object */;
			proxyType = 1;
			remoteGlobalIDString = D8C787021DAD7EA5003313C6;
			remoteInfo = mvc;
		};
		D8C787231DAD7EA5003313C6 /* PBXContainerItemProxy */ = {
			isa = PBXContainerItemProxy;
			containerPortal = D8C786FB1DAD7EA5003313C6 /* Project object */;
			proxyType = 1;
			remoteGlobalIDString = D8C787021DAD7EA5003313C6;
			remoteInfo = mvc;
		};
/* End PBXContainerItemProxy section */

/* Begin PBXFileReference section */
		D8C787031DAD7EA5003313C6 /* mvc.app */ = {isa = PBXFileReference; explicitFileType = wrapper.application; includeInIndex = 0; path = mvc.app; sourceTree = BUILT_PRODUCTS_DIR; };
		D8C787061DAD7EA5003313C6 /* AppDelegate.swift */ = {isa = PBXFileReference; lastKnownFileType = sourcecode.swift; path = AppDelegate.swift; sourceTree = "<group>"; };
		D8C787081DAD7EA5003313C6 /* ViewController.swift */ = {isa = PBXFileReference; lastKnownFileType = sourcecode.swift; path = ViewController.swift; sourceTree = "<group>"; };
		D8C7870B1DAD7EA5003313C6 /* Base */ = {isa = PBXFileReference; lastKnownFileType = file.storyboard; name = Base; path = Base.lproj/Main.storyboard; sourceTree = "<group>"; };
		D8C7870D1DAD7EA5003313C6 /* Assets.xcassets */ = {isa = PBXFileReference; lastKnownFileType = folder.assetcatalog; path = Assets.xcassets; sourceTree = "<group>"; };
		D8C787101DAD7EA5003313C6 /* Base */ = {isa = PBXFileReference; lastKnownFileType = file.storyboard; name = Base; path = Base.lproj/LaunchScreen.storyboard; sourceTree = "<group>"; };
		D8C787121DAD7EA5003313C6 /* Info.plist */ = {isa = PBXFileReference; lastKnownFileType = text.plist.xml; path = Info.plist; sourceTree = "<group>"; };
		D8C787171DAD7EA5003313C6 /* mvcTests.xctest */ = {isa = PBXFileReference; explicitFileType = wrapper.cfbundle; includeInIndex = 0; path = mvcTests.xctest; sourceTree = BUILT_PRODUCTS_DIR; };
		D8C7871B1DAD7EA5003313C6 /* mvcTests.swift */ = {isa = PBXFileReference; lastKnownFileType = sourcecode.swift; path = mvcTests.swift; sourceTree = "<group>"; };
		D8C7871D1DAD7EA5003313C6 /* Info.plist */ = {isa = PBXFileReference; lastKnownFileType = text.plist.xml; path = Info.plist; sourceTree = "<group>"; };
		D8C787221DAD7EA5003313C6 /* mvcUITests.xctest */ = {isa = PBXFileReference; explicitFileType = wrapper.cfbundle; includeInIndex = 0; path = mvcUITests.xctest; sourceTree = BUILT_PRODUCTS_DIR; };
		D8C787261DAD7EA5003313C6 /* mvcUITests.swift */ = {isa = PBXFileReference; lastKnownFileType = sourcecode.swift; path = mvcUITests.swift; sourceTree = "<group>"; };
		D8C787281DAD7EA5003313C6 /* Info.plist */ = {isa = PBXFileReference; lastKnownFileType = text.plist.xml; path = Info.plist; sourceTree = "<group>"; };
		D8C787341DAD7FBF003313C6 /* SecondViewController.swift */ = {isa = PBXFileReference; fileEncoding = 4; lastKnownFileType = sourcecode.swift; path = SecondViewController.swift; sourceTree = "<group>"; };
/* End PBXFileReference section */

/* Begin PBXFrameworksBuildPhase section */
		D8C787001DAD7EA5003313C6 /* Frameworks */ = {
			isa = PBXFrameworksBuildPhase;
			buildActionMask = 2147483647;
			files = (
			);
			runOnlyForDeploymentPostprocessing = 0;
		};
		D8C787141DAD7EA5003313C6 /* Frameworks */ = {
			isa = PBXFrameworksBuildPhase;
			buildActionMask = 2147483647;
			files = (
			);
			runOnlyForDeploymentPostprocessing = 0;
		};
		D8C7871F1DAD7EA5003313C6 /* Frameworks */ = {
			isa = PBXFrameworksBuildPhase;
			buildActionMask = 2147483647;
			files = (
			);
			runOnlyForDeploymentPostprocessing = 0;
		};
/* End PBXFrameworksBuildPhase section */

/* Begin PBXGroup section */
		D8C786FA1DAD7EA5003313C6 = {
			isa = PBXGroup;
			children = (
				D8C787051DAD7EA5003313C6 /* mvc */,
				D8C7871A1DAD7EA5003313C6 /* mvcTests */,
				D8C787251DAD7EA5003313C6 /* mvcUITests */,
				D8C787041DAD7EA5003313C6 /* Products */,
			);
			sourceTree = "<group>";
		};
		D8C787041DAD7EA5003313C6 /* Products */ = {
			isa = PBXGroup;
			children = (
				D8C787031DAD7EA5003313C6 /* mvc.app */,
				D8C787171DAD7EA5003313C6 /* mvcTests.xctest */,
				D8C787221DAD7EA5003313C6 /* mvcUITests.xctest */,
			);
			name = Products;
			sourceTree = "<group>";
		};
		D8C787051DAD7EA5003313C6 /* mvc */ = {
			isa = PBXGroup;
			children = (
				D8C787061DAD7EA5003313C6 /* AppDelegate.swift */,
				D8C787081DAD7EA5003313C6 /* ViewController.swift */,
				D8C7870A1DAD7EA5003313C6 /* Main.storyboard */,
				D8C787341DAD7FBF003313C6 /* SecondViewController.swift */,
				D8C7870D1DAD7EA5003313C6 /* Assets.xcassets */,
				D8C7870F1DAD7EA5003313C6 /* LaunchScreen.storyboard */,
				D8C787121DAD7EA5003313C6 /* Info.plist */,
			);
			path = mvc;
			sourceTree = "<group>";
		};
		D8C7871A1DAD7EA5003313C6 /* mvcTests */ = {
			isa = PBXGroup;
			children = (
				D8C7871B1DAD7EA5003313C6 /* mvcTests.swift */,
				D8C7871D1DAD7EA5003313C6 /* Info.plist */,
			);
			path = mvcTests;
			sourceTree = "<group>";
		};
		D8C787251DAD7EA5003313C6 /* mvcUITests */ = {
			isa = PBXGroup;
			children = (
				D8C787261DAD7EA5003313C6 /* mvcUITests.swift */,
				D8C787281DAD7EA5003313C6 /* Info.plist */,
			);
			path = mvcUITests;
			sourceTree = "<group>";
		};
/* End PBXGroup section */

/* Begin PBXNativeTarget section */
		D8C787021DAD7EA5003313C6 /* mvc */ = {
			isa = PBXNativeTarget;
			buildConfigurationList = D8C7872B1DAD7EA5003313C6 /* Build configuration list for PBXNativeTarget "mvc" */;
			buildPhases = (
				D8C786FF1DAD7EA5003313C6 /* Sources */,
				D8C787001DAD7EA5003313C6 /* Frameworks */,
				D8C787011DAD7EA5003313C6 /* Resources */,
			);
			buildRules = (
			);
			dependencies = (
			);
			name = mvc;
			productName = mvc;
			productReference = D8C787031DAD7EA5003313C6 /* mvc.app */;
			productType = "com.apple.product-type.application";
		};
		D8C787161DAD7EA5003313C6 /* mvcTests */ = {
			isa = PBXNativeTarget;
			buildConfigurationList = D8C7872E1DAD7EA5003313C6 /* Build configuration list for PBXNativeTarget "mvcTests" */;
			buildPhases = (
				D8C787131DAD7EA5003313C6 /* Sources */,
				D8C787141DAD7EA5003313C6 /* Frameworks */,
				D8C787151DAD7EA5003313C6 /* Resources */,
			);
			buildRules = (
			);
			dependencies = (
				D8C787191DAD7EA5003313C6 /* PBXTargetDependency */,
			);
			name = mvcTests;
			productName = mvcTests;
			productReference = D8C787171DAD7EA5003313C6 /* mvcTests.xctest */;
			productType = "com.apple.product-type.bundle.unit-test";
		};
		D8C787211DAD7EA5003313C6 /* mvcUITests */ = {
			isa = PBXNativeTarget;
			buildConfigurationList = D8C787311DAD7EA5003313C6 /* Build configuration list for PBXNativeTarget "mvcUITests" */;
			buildPhases = (
				D8C7871E1DAD7EA5003313C6 /* Sources */,
				D8C7871F1DAD7EA5003313C6 /* Frameworks */,
				D8C787201DAD7EA5003313C6 /* Resources */,
			);
			buildRules = (
			);
			dependencies = (
				D8C787241DAD7EA5003313C6 /* PBXTargetDependency */,
			);
			name = mvcUITests;
			productName = mvcUITests;
			productReference = D8C787221DAD7EA5003313C6 /* mvcUITests.xctest */;
			productType = "com.apple.product-type.bundle.ui-testing";
		};
/* End PBXNativeTarget section */

/* Begin PBXProject section */
		D8C786FB1DAD7EA5003313C6 /* Project object */ = {
			isa = PBXProject;
			attributes = {
				LastSwiftUpdateCheck = 0800;
				LastUpgradeCheck = 0800;
				ORGANIZATIONNAME = "Tyler Young";
				TargetAttributes = {
					D8C787021DAD7EA5003313C6 = {
						CreatedOnToolsVersion = 8.0;
						ProvisioningStyle = Automatic;
					};
					D8C787161DAD7EA5003313C6 = {
						CreatedOnToolsVersion = 8.0;
						ProvisioningStyle = Automatic;
						TestTargetID = D8C787021DAD7EA5003313C6;
					};
					D8C787211DAD7EA5003313C6 = {
						CreatedOnToolsVersion = 8.0;
						ProvisioningStyle = Automatic;
						TestTargetID = D8C787021DAD7EA5003313C6;
					};
				};
			};
			buildConfigurationList = D8C786FE1DAD7EA5003313C6 /* Build configuration list for PBXProject "mvc" */;
			compatibilityVersion = "Xcode 3.2";
			developmentRegion = English;
			hasScannedForEncodings = 0;
			knownRegions = (
				en,
				Base,
			);
			mainGroup = D8C786FA1DAD7EA5003313C6;
			productRefGroup = D8C787041DAD7EA5003313C6 /* Products */;
			projectDirPath = "";
			projectRoot = "";
			targets = (
				D8C787021DAD7EA5003313C6 /* mvc */,
				D8C787161DAD7EA5003313C6 /* mvcTests */,
				D8C787211DAD7EA5003313C6 /* mvcUITests */,
			);
		};
/* End PBXProject section */

/* Begin PBXResourcesBuildPhase section */
		D8C787011DAD7EA5003313C6 /* Resources */ = {
			isa = PBXResourcesBuildPhase;
			buildActionMask = 2147483647;
			files = (
				D8C787111DAD7EA5003313C6 /* LaunchScreen.storyboard in Resources */,
				D8C7870E1DAD7EA5003313C6 /* Assets.xcassets in Resources */,
				D8C7870C1DAD7EA5003313C6 /* Main.storyboard in Resources */,
			);
			runOnlyForDeploymentPostprocessing = 0;
		};
		D8C787151DAD7EA5003313C6 /* Resources */ = {
			isa = PBXResourcesBuildPhase;
			buildActionMask = 2147483647;
			files = (
			);
			runOnlyForDeploymentPostprocessing = 0;
		};
		D8C787201DAD7EA5003313C6 /* Resources */ = {
			isa = PBXResourcesBuildPhase;
			buildActionMask = 2147483647;
			files = (
			);
			runOnlyForDeploymentPostprocessing = 0;
		};
/* End PBXResourcesBuildPhase section */

/* Begin PBXSourcesBuildPhase section */
		D8C786FF1DAD7EA5003313C6 /* Sources */ = {
			isa = PBXSourcesBuildPhase;
			buildActionMask = 2147483647;
			files = (
				D8C787351DAD7FBF003313C6 /* SecondViewController.swift in Sources */,
				D8C787091DAD7EA5003313C6 /* ViewController.swift in Sources */,
				D8C787071DAD7EA5003313C6 /* AppDelegate.swift in Sources */,
			);
			runOnlyForDeploymentPostprocessing = 0;
		};
		D8C787131DAD7EA5003313C6 /* Sources */ = {
			isa = PBXSourcesBuildPhase;
			buildActionMask = 2147483647;
			files = (
				D8C7871C1DAD7EA5003313C6 /* mvcTests.swift in Sources */,
			);
			runOnlyForDeploymentPostprocessing = 0;
		};
		D8C7871E1DAD7EA5003313C6 /* Sources */ = {
			isa = PBXSourcesBuildPhase;
			buildActionMask = 2147483647;
			files = (
				D8C787271DAD7EA5003313C6 /* mvcUITests.swift in Sources */,
			);
			runOnlyForDeploymentPostprocessing = 0;
		};
/* End PBXSourcesBuildPhase section */

/* Begin PBXTargetDependency section */
		D8C787191DAD7EA5003313C6 /* PBXTargetDependency */ = {
			isa = PBXTargetDependency;
			target = D8C787021DAD7EA5003313C6 /* mvc */;
			targetProxy = D8C787181DAD7EA5003313C6 /* PBXContainerItemProxy */;
		};
		D8C787241DAD7EA5003313C6 /* PBXTargetDependency */ = {
			isa = PBXTargetDependency;
			target = D8C787021DAD7EA5003313C6 /* mvc */;
			targetProxy = D8C787231DAD7EA5003313C6 /* PBXContainerItemProxy */;
		};
/* End PBXTargetDependency section */

/* Begin PBXVariantGroup section */
		D8C7870A1DAD7EA5003313C6 /* Main.storyboard */ = {
			isa = PBXVariantGroup;
			children = (
				D8C7870B1DAD7EA5003313C6 /* Base */,
			);
			name = Main.storyboard;
			sourceTree = "<group>";
		};
		D8C7870F1DAD7EA5003313C6 /* LaunchScreen.storyboard */ = {
			isa = PBXVariantGroup;
			children = (
				D8C787101DAD7EA5003313C6 /* Base */,
			);
			name = LaunchScreen.storyboard;
			sourceTree = "<group>";
		};
/* End PBXVariantGroup section */

/* Begin XCBuildConfiguration section */
		D8C787291DAD7EA5003313C6 /* Debug */ = {
			isa = XCBuildConfiguration;
			buildSettings = {
				ALWAYS_SEARCH_USER_PATHS = NO;
				CLANG_ANALYZER_NONNULL = YES;
				CLANG_CXX_LANGUAGE_STANDARD = "gnu++0x";
				CLANG_CXX_LIBRARY = "libc++";
				CLANG_ENABLE_MODULES = YES;
				CLANG_ENABLE_OBJC_ARC = YES;
				CLANG_WARN_BOOL_CONVERSION = YES;
				CLANG_WARN_CONSTANT_CONVERSION = YES;
				CLANG_WARN_DIRECT_OBJC_ISA_USAGE = YES_ERROR;
				CLANG_WARN_DOCUMENTATION_COMMENTS = YES;
				CLANG_WARN_EMPTY_BODY = YES;
				CLANG_WARN_ENUM_CONVERSION = YES;
				CLANG_WARN_INFINITE_RECURSION = YES;
				CLANG_WARN_INT_CONVERSION = YES;
				CLANG_WARN_OBJC_ROOT_CLASS = YES_ERROR;
				CLANG_WARN_SUSPICIOUS_MOVES = YES;
				CLANG_WARN_UNREACHABLE_CODE = YES;
				CLANG_WARN__DUPLICATE_METHOD_MATCH = YES;
				"CODE_SIGN_IDENTITY[sdk=iphoneos*]" = "iPhone Developer";
				COPY_PHASE_STRIP = NO;
				DEBUG_INFORMATION_FORMAT = dwarf;
				ENABLE_STRICT_OBJC_MSGSEND = YES;
				ENABLE_TESTABILITY = YES;
				GCC_C_LANGUAGE_STANDARD = gnu99;
				GCC_DYNAMIC_NO_PIC = NO;
				GCC_NO_COMMON_BLOCKS = YES;
				GCC_OPTIMIZATION_LEVEL = 0;
				GCC_PREPROCESSOR_DEFINITIONS = (
					"DEBUG=1",
					"$(inherited)",
				);
				GCC_WARN_64_TO_32_BIT_CONVERSION = YES;
				GCC_WARN_ABOUT_RETURN_TYPE = YES_ERROR;
				GCC_WARN_UNDECLARED_SELECTOR = YES;
				GCC_WARN_UNINITIALIZED_AUTOS = YES_AGGRESSIVE;
				GCC_WARN_UNUSED_FUNCTION = YES;
				GCC_WARN_UNUSED_VARIABLE = YES;
				IPHONEOS_DEPLOYMENT_TARGET = 10.0;
				MTL_ENABLE_DEBUG_INFO = YES;
				ONLY_ACTIVE_ARCH = YES;
				SDKROOT = iphoneos;
				SWIFT_ACTIVE_COMPILATION_CONDITIONS = DEBUG;
				SWIFT_OPTIMIZATION_LEVEL = "-Onone";
				TARGETED_DEVICE_FAMILY = "1,2";
			};
			name = Debug;
		};
		D8C7872A1DAD7EA5003313C6 /* Release */ = {
			isa = XCBuildConfiguration;
			buildSettings = {
				ALWAYS_SEARCH_USER_PATHS = NO;
				CLANG_ANALYZER_NONNULL = YES;
				CLANG_CXX_LANGUAGE_STANDARD = "gnu++0x";
				CLANG_CXX_LIBRARY = "libc++";
				CLANG_ENABLE_MODULES = YES;
				CLANG_ENABLE_OBJC_ARC = YES;
				CLANG_WARN_BOOL_CONVERSION = YES;
				CLANG_WARN_CONSTANT_CONVERSION = YES;
				CLANG_WARN_DIRECT_OBJC_ISA_USAGE = YES_ERROR;
				CLANG_WARN_DOCUMENTATION_COMMENTS = YES;
				CLANG_WARN_EMPTY_BODY = YES;
				CLANG_WARN_ENUM_CONVERSION = YES;
				CLANG_WARN_INFINITE_RECURSION = YES;
				CLANG_WARN_INT_CONVERSION = YES;
				CLANG_WARN_OBJC_ROOT_CLASS = YES_ERROR;
				CLANG_WARN_SUSPICIOUS_MOVES = YES;
				CLANG_WARN_UNREACHABLE_CODE = YES;
				CLANG_WARN__DUPLICATE_METHOD_MATCH = YES;
				"CODE_SIGN_IDENTITY[sdk=iphoneos*]" = "iPhone Developer";
				COPY_PHASE_STRIP = NO;
				DEBUG_INFORMATION_FORMAT = "dwarf-with-dsym";
				ENABLE_NS_ASSERTIONS = NO;
				ENABLE_STRICT_OBJC_MSGSEND = YES;
				GCC_C_LANGUAGE_STANDARD = gnu99;
				GCC_NO_COMMON_BLOCKS = YES;
				GCC_WARN_64_TO_32_BIT_CONVERSION = YES;
				GCC_WARN_ABOUT_RETURN_TYPE = YES_ERROR;
				GCC_WARN_UNDECLARED_SELECTOR = YES;
				GCC_WARN_UNINITIALIZED_AUTOS = YES_AGGRESSIVE;
				GCC_WARN_UNUSED_FUNCTION = YES;
				GCC_WARN_UNUSED_VARIABLE = YES;
				IPHONEOS_DEPLOYMENT_TARGET = 10.0;
				MTL_ENABLE_DEBUG_INFO = NO;
				SDKROOT = iphoneos;
				SWIFT_OPTIMIZATION_LEVEL = "-Owholemodule";
				TARGETED_DEVICE_FAMILY = "1,2";
				VALIDATE_PRODUCT = YES;
			};
			name = Release;
		};
		D8C7872C1DAD7EA5003313C6 /* Debug */ = {
			isa = XCBuildConfiguration;
			buildSettings = {
				ASSETCATALOG_COMPILER_APPICON_NAME = AppIcon;
				INFOPLIST_FILE = mvc/Info.plist;
				LD_RUNPATH_SEARCH_PATHS = "$(inherited) @executable_path/Frameworks";
				PRODUCT_BUNDLE_IDENTIFIER = cs.edu.elon.mvc;
				PRODUCT_NAME = "$(TARGET_NAME)";
				SWIFT_VERSION = 3.0;
			};
			name = Debug;
		};
		D8C7872D1DAD7EA5003313C6 /* Release */ = {
			isa = XCBuildConfiguration;
			buildSettings = {
				ASSETCATALOG_COMPILER_APPICON_NAME = AppIcon;
				INFOPLIST_FILE = mvc/Info.plist;
				LD_RUNPATH_SEARCH_PATHS = "$(inherited) @executable_path/Frameworks";
				PRODUCT_BUNDLE_IDENTIFIER = cs.edu.elon.mvc;
				PRODUCT_NAME = "$(TARGET_NAME)";
				SWIFT_VERSION = 3.0;
			};
			name = Release;
		};
		D8C7872F1DAD7EA5003313C6 /* Debug */ = {
			isa = XCBuildConfiguration;
			buildSettings = {
				ALWAYS_EMBED_SWIFT_STANDARD_LIBRARIES = YES;
				BUNDLE_LOADER = "$(TEST_HOST)";
				INFOPLIST_FILE = mvcTests/Info.plist;
				LD_RUNPATH_SEARCH_PATHS = "$(inherited) @executable_path/Frameworks @loader_path/Frameworks";
				PRODUCT_BUNDLE_IDENTIFIER = cs.edu.elon.mvcTests;
				PRODUCT_NAME = "$(TARGET_NAME)";
				SWIFT_VERSION = 3.0;
				TEST_HOST = "$(BUILT_PRODUCTS_DIR)/mvc.app/mvc";
			};
			name = Debug;
		};
		D8C787301DAD7EA5003313C6 /* Release */ = {
			isa = XCBuildConfiguration;
			buildSettings = {
				ALWAYS_EMBED_SWIFT_STANDARD_LIBRARIES = YES;
				BUNDLE_LOADER = "$(TEST_HOST)";
				INFOPLIST_FILE = mvcTests/Info.plist;
				LD_RUNPATH_SEARCH_PATHS = "$(inherited) @executable_path/Frameworks @loader_path/Frameworks";
				PRODUCT_BUNDLE_IDENTIFIER = cs.edu.elon.mvcTests;
				PRODUCT_NAME = "$(TARGET_NAME)";
				SWIFT_VERSION = 3.0;
				TEST_HOST = "$(BUILT_PRODUCTS_DIR)/mvc.app/mvc";
			};
			name = Release;
		};
		D8C787321DAD7EA5003313C6 /* Debug */ = {
			isa = XCBuildConfiguration;
			buildSettings = {
				ALWAYS_EMBED_SWIFT_STANDARD_LIBRARIES = YES;
				INFOPLIST_FILE = mvcUITests/Info.plist;
				LD_RUNPATH_SEARCH_PATHS = "$(inherited) @executable_path/Frameworks @loader_path/Frameworks";
				PRODUCT_BUNDLE_IDENTIFIER = cs.edu.elon.mvcUITests;
				PRODUCT_NAME = "$(TARGET_NAME)";
				SWIFT_VERSION = 3.0;
				TEST_TARGET_NAME = mvc;
			};
			name = Debug;
		};
		D8C787331DAD7EA5003313C6 /* Release */ = {
			isa = XCBuildConfiguration;
			buildSettings = {
				ALWAYS_EMBED_SWIFT_STANDARD_LIBRARIES = YES;
				INFOPLIST_FILE = mvcUITests/Info.plist;
				LD_RUNPATH_SEARCH_PATHS = "$(inherited) @executable_path/Frameworks @loader_path/Frameworks";
				PRODUCT_BUNDLE_IDENTIFIER = cs.edu.elon.mvcUITests;
				PRODUCT_NAME = "$(TARGET_NAME)";
				SWIFT_VERSION = 3.0;
				TEST_TARGET_NAME = mvc;
			};
			name = Release;
		};
/* End XCBuildConfiguration section */

/* Begin XCConfigurationList section */
		D8C786FE1DAD7EA5003313C6 /* Build configuration list for PBXProject "mvc" */ = {
			isa = XCConfigurationList;
			buildConfigurations = (
				D8C787291DAD7EA5003313C6 /* Debug */,
				D8C7872A1DAD7EA5003313C6 /* Release */,
			);
			defaultConfigurationIsVisible = 0;
			defaultConfigurationName = Release;
		};
		D8C7872B1DAD7EA5003313C6 /* Build configuration list for PBXNativeTarget "mvc" */ = {
			isa = XCConfigurationList;
			buildConfigurations = (
				D8C7872C1DAD7EA5003313C6 /* Debug */,
				D8C7872D1DAD7EA5003313C6 /* Release */,
			);
			defaultConfigurationIsVisible = 0;
		};
		D8C7872E1DAD7EA5003313C6 /* Build configuration list for PBXNativeTarget "mvcTests" */ = {
			isa = XCConfigurationList;
			buildConfigurations = (
				D8C7872F1DAD7EA5003313C6 /* Debug */,
				D8C787301DAD7EA5003313C6 /* Release */,
			);
			defaultConfigurationIsVisible = 0;
		};
		D8C787311DAD7EA5003313C6 /* Build configuration list for PBXNativeTarget "mvcUITests" */ = {
			isa = XCConfigurationList;
			buildConfigurations = (
				D8C787321DAD7EA5003313C6 /* Debug */,
				D8C787331DAD7EA5003313C6 /* Release */,
			);
			defaultConfigurationIsVisible = 0;
		};
/* End XCConfigurationList section */
	};
	rootObject = D8C786FB1DAD7EA5003313C6 /* Project object */;
}
